
Microsoft Visual Studio Solution File, Format Version 12.00
# Visual Studio Version 17
VisualStudioVersion = 17.4.32804.182
MinimumVisualStudioVersion = 10.0.40219.1
Project("{54A90642-561A-4BB1-A94E-469ADEE60C69}") = "frontend", "frontend\frontend.esproj", "{F7F6F33B-FC3A-4D71-A2C9-54407CCCA8FB}"
EndProject
Project("{FAE04EC0-301F-11D3-BF4B-00C04F79EFBC}") = "backend", "backend\backend.csproj", "{A20E2575-E48B-470A-8471-BC37D11FDA3E}"
EndProject
Global
	GlobalSection(SolutionConfigurationPlatforms) = preSolution
		Debug|Any CPU = Debug|Any CPU
		Release|Any CPU = Release|Any CPU
	EndGlobalSection
	GlobalSection(ProjectConfigurationPlatforms) = postSolution
		{F7F6F33B-FC3A-4D71-A2C9-54407CCCA8FB}.Debug|Any CPU.ActiveCfg = Debug|Any CPU
		{F7F6F33B-FC3A-4D71-A2C9-54407CCCA8FB}.Debug|Any CPU.Build.0 = Debug|Any CPU
		{F7F6F33B-FC3A-4D71-A2C9-54407CCCA8FB}.Debug|Any CPU.Deploy.0 = Debug|Any CPU
		{F7F6F33B-FC3A-4D71-A2C9-54407CCCA8FB}.Release|Any CPU.ActiveCfg = Release|Any CPU
		{F7F6F33B-FC3A-4D71-A2C9-54407CCCA8FB}.Release|Any CPU.Build.0 = Release|Any CPU
		{F7F6F33B-FC3A-4D71-A2C9-54407CCCA8FB}.Release|Any CPU.Deploy.0 = Release|Any CPU
		{A20E2575-E48B-470A-8471-BC37D11FDA3E}.Debug|Any CPU.ActiveCfg = Debug|Any CPU
		{A20E2575-E48B-470A-8471-BC37D11FDA3E}.Debug|Any CPU.Build.0 = Debug|Any CPU
		{A20E2575-E48B-470A-8471-BC37D11FDA3E}.Release|Any CPU.ActiveCfg = Release|Any CPU
		{A20E2575-E48B-470A-8471-BC37D11FDA3E}.Release|Any CPU.Build.0 = Release|Any CPU
	EndGlobalSection
	GlobalSection(SolutionProperties) = preSolution
		HideSolutionNode = FALSE
	EndGlobalSection
	GlobalSection(ExtensibilityGlobals) = postSolution
		SolutionGuid = {21A012FE-905B-4C41-AF60-DB844B6384A3}
	EndGlobalSection
EndGlobal
